PODS:
  - Bolts/Tasks (1.4.0)
  - DynamicColor (2.0.0)
  - Parse (1.9.1):
    - Bolts/Tasks (>= 1.4.0)

DEPENDENCIES:
  - DynamicColor (~> 2.0)
  - Parse

SPEC CHECKSUMS:
  Bolts: 0e9bce58b9b9f5e8a7a4d47b16d2fabec289072b
  DynamicColor: bd4ccde8466ccbf0dd40900aa8be93a5ea482724
  Parse: 54a965c8c19a6dde90284ab654dbcc77ef8c001b

COCOAPODS: 0.39.0
