// !$*UTF8*$!
{
	archiveVersion = 1;
	classes = {
	};
	objectVersion = 46;
	objects = {

/* Begin PBXBuildFile section */
		320FA67C1BE322E900D2EB4C /* GlobalViewFunctions.swift in Sources */ = {isa = PBXBuildFile; fileRef = 320FA67B1BE322E900D2EB4C /* GlobalViewFunctions.swift */; };
		322E8FAE1BE3127500746883 /* AddStepsTransition.swift in Sources */ = {isa = PBXBuildFile; fileRef = 322E8FAD1BE3127500746883 /* AddStepsTransition.swift */; };
		322E8FB01BE312E500746883 /* BaseTransition.swift in Sources */ = {isa = PBXBuildFile; fileRef = 322E8FAF1BE312E500746883 /* BaseTransition.swift */; };
		32674E0F1BE1F55200E53EBC /* NewGoalViewController.swift in Sources */ = {isa = PBXBuildFile; fileRef = 32674E0E1BE1F55200E53EBC /* NewGoalViewController.swift */; };
		3247E5E51BE58ECB00933BFE /* StepData.swift in Sources */ = {isa = PBXBuildFile; fileRef = 3247E5E41BE58ECB00933BFE /* StepData.swift */; };
		32FECF1B1BE56D5A00FFAB4C /* AddStepDetailsViewController.swift in Sources */ = {isa = PBXBuildFile; fileRef = 32FECF1A1BE56D5A00FFAB4C /* AddStepDetailsViewController.swift */; };
		4D1A9B8C1BE1DDC4006ECAE0 /* StepListCell.swift in Sources */ = {isa = PBXBuildFile; fileRef = 4D1A9B8B1BE1DDC4006ECAE0 /* StepListCell.swift */; };
		4D1A9B8E1BE1EBEE006ECAE0 /* PastGoalViewCell.swift in Sources */ = {isa = PBXBuildFile; fileRef = 4D1A9B8D1BE1EBEE006ECAE0 /* PastGoalViewCell.swift */; };
		4D360E571BD88B9500576A69 /* AppDelegate.swift in Sources */ = {isa = PBXBuildFile; fileRef = 4D360E561BD88B9500576A69 /* AppDelegate.swift */; };
		4D360E591BD88B9500576A69 /* ViewController.swift in Sources */ = {isa = PBXBuildFile; fileRef = 4D360E581BD88B9500576A69 /* ViewController.swift */; };
		4D360E5C1BD88B9500576A69 /* Main.storyboard in Resources */ = {isa = PBXBuildFile; fileRef = 4D360E5A1BD88B9500576A69 /* Main.storyboard */; };
		4D360E5E1BD88B9500576A69 /* Assets.xcassets in Resources */ = {isa = PBXBuildFile; fileRef = 4D360E5D1BD88B9500576A69 /* Assets.xcassets */; };
		4D360E611BD88B9500576A69 /* LaunchScreen.storyboard in Resources */ = {isa = PBXBuildFile; fileRef = 4D360E5F1BD88B9500576A69 /* LaunchScreen.storyboard */; };
		4D360E6C1BD88B9500576A69 /* Codepath_CBTTests.swift in Sources */ = {isa = PBXBuildFile; fileRef = 4D360E6B1BD88B9500576A69 /* Codepath_CBTTests.swift */; };
		4D360E771BD88B9500576A69 /* Codepath_CBTUITests.swift in Sources */ = {isa = PBXBuildFile; fileRef = 4D360E761BD88B9500576A69 /* Codepath_CBTUITests.swift */; };
		4D360E851BD89AE700576A69 /* Item1ViewController.swift in Sources */ = {isa = PBXBuildFile; fileRef = 4D360E841BD89AE700576A69 /* Item1ViewController.swift */; };
		4D360E871BD89AFE00576A69 /* Item2ViewController.swift in Sources */ = {isa = PBXBuildFile; fileRef = 4D360E861BD89AFE00576A69 /* Item2ViewController.swift */; };
		4D360E891BD89E0000576A69 /* CompleteQuestionPromptViewController.swift in Sources */ = {isa = PBXBuildFile; fileRef = 4D360E881BD89E0000576A69 /* CompleteQuestionPromptViewController.swift */; };
		4D360E8B1BD89EDC00576A69 /* StepListViewController.swift in Sources */ = {isa = PBXBuildFile; fileRef = 4D360E8A1BD89EDC00576A69 /* StepListViewController.swift */; };
		4D360E8D1BD89F6100576A69 /* PastGoalsViewController.swift in Sources */ = {isa = PBXBuildFile; fileRef = 4D360E8C1BD89F6100576A69 /* PastGoalsViewController.swift */; };
		4D360E8F1BD8A0AB00576A69 /* SignUpViewController.swift in Sources */ = {isa = PBXBuildFile; fileRef = 4D360E8E1BD8A0AB00576A69 /* SignUpViewController.swift */; };
		4D360E911BD8A26F00576A69 /* MenuLoggedInViewController.swift in Sources */ = {isa = PBXBuildFile; fileRef = 4D360E901BD8A26F00576A69 /* MenuLoggedInViewController.swift */; };
		4D360E931BD8A91E00576A69 /* AddStepDetails1ViewController.swift in Sources */ = {isa = PBXBuildFile; fileRef = 4D360E921BD8A91E00576A69 /* AddStepDetails1ViewController.swift */; };
		4D360E951BD8A92A00576A69 /* AddStepDetails2ViewController.swift in Sources */ = {isa = PBXBuildFile; fileRef = 4D360E941BD8A92A00576A69 /* AddStepDetails2ViewController.swift */; };
		4D360E971BD8A9E800576A69 /* AddStepsKeyboardViewController.swift in Sources */ = {isa = PBXBuildFile; fileRef = 4D360E961BD8A9E800576A69 /* AddStepsKeyboardViewController.swift */; };
		4D9A7E671BE56B39009C8578 /* AddStepsViewController.swift in Sources */ = {isa = PBXBuildFile; fileRef = 4D9A7E661BE56B39009C8578 /* AddStepsViewController.swift */; };
		4D9A7E691BE570FC009C8578 /* AddStepCell.swift in Sources */ = {isa = PBXBuildFile; fileRef = 4D9A7E681BE570FC009C8578 /* AddStepCell.swift */; };
		4D9CA0A71BDC242A008B0A6F /* GlobalColors.swift in Sources */ = {isa = PBXBuildFile; fileRef = 4D9CA0A61BDC242A008B0A6F /* GlobalColors.swift */; };
		4D9CA0AE1BDC362C008B0A6F /* GradientSlider.swift in Sources */ = {isa = PBXBuildFile; fileRef = 4D9CA0AD1BDC362C008B0A6F /* GradientSlider.swift */; };
		4DE522931BE57CE400BDAF6F /* StepField.swift in Sources */ = {isa = PBXBuildFile; fileRef = 4DE522921BE57CE400BDAF6F /* StepField.swift */; };
		4D9CA0A71BDC242A008B0A6F /* GlobalColors.swift in Sources */ = {isa = PBXBuildFile; fileRef = 4D9CA0A61BDC242A008B0A6F /* GlobalColors.swift */; };
		4D9CA0AE1BDC362C008B0A6F /* GradientSlider.swift in Sources */ = {isa = PBXBuildFile; fileRef = 4D9CA0AD1BDC362C008B0A6F /* GradientSlider.swift */; };
		6E6719231BDC286D002A0CE0 /* MenuViewController.swift in Sources */ = {isa = PBXBuildFile; fileRef = 6E6719221BDC286D002A0CE0 /* MenuViewController.swift */; };
		6E6719251BDC28AB002A0CE0 /* HomeViewController.swift in Sources */ = {isa = PBXBuildFile; fileRef = 6E6719241BDC28AB002A0CE0 /* HomeViewController.swift */; };
		6E6719271BDC295F002A0CE0 /* HamburgerViewController.swift in Sources */ = {isa = PBXBuildFile; fileRef = 6E6719261BDC295F002A0CE0 /* HamburgerViewController.swift */; };
		6E6719291BDE8B5E002A0CE0 /* EditProfileViewController.swift in Sources */ = {isa = PBXBuildFile; fileRef = 6E6719281BDE8B5E002A0CE0 /* EditProfileViewController.swift */; };
		6EB3DFD01BE1D59700C4756F /* LoginViewController.swift in Sources */ = {isa = PBXBuildFile; fileRef = 6EB3DFCF1BE1D59700C4756F /* LoginViewController.swift */; };
		6EFB55161BE1EFA300870B0F /* SignUp2ViewController.swift in Sources */ = {isa = PBXBuildFile; fileRef = 6EFB55151BE1EFA300870B0F /* SignUp2ViewController.swift */; };
		4D360E851BD89AE700576A69 /* Item1ViewController.swift in Sources */ = {isa = PBXBuildFile; fileRef = 4D360E841BD89AE700576A69 /* Item1ViewController.swift */; settings = {ASSET_TAGS = (); }; };
		4D360E871BD89AFE00576A69 /* Item2ViewController.swift in Sources */ = {isa = PBXBuildFile; fileRef = 4D360E861BD89AFE00576A69 /* Item2ViewController.swift */; settings = {ASSET_TAGS = (); }; };
		4D360E891BD89E0000576A69 /* CompleteQuestionPromptViewController.swift in Sources */ = {isa = PBXBuildFile; fileRef = 4D360E881BD89E0000576A69 /* CompleteQuestionPromptViewController.swift */; settings = {ASSET_TAGS = (); }; };
		4D360E8B1BD89EDC00576A69 /* StepListViewController.swift in Sources */ = {isa = PBXBuildFile; fileRef = 4D360E8A1BD89EDC00576A69 /* StepListViewController.swift */; settings = {ASSET_TAGS = (); }; };
		4D360E8D1BD89F6100576A69 /* PastGoalsViewController.swift in Sources */ = {isa = PBXBuildFile; fileRef = 4D360E8C1BD89F6100576A69 /* PastGoalsViewController.swift */; settings = {ASSET_TAGS = (); }; };
		4D360E8F1BD8A0AB00576A69 /* SignUpViewController.swift in Sources */ = {isa = PBXBuildFile; fileRef = 4D360E8E1BD8A0AB00576A69 /* SignUpViewController.swift */; settings = {ASSET_TAGS = (); }; };
		4D360E911BD8A26F00576A69 /* MenuLoggedInViewController.swift in Sources */ = {isa = PBXBuildFile; fileRef = 4D360E901BD8A26F00576A69 /* MenuLoggedInViewController.swift */; settings = {ASSET_TAGS = (); }; };
		4D360E931BD8A91E00576A69 /* AddStepDetails1ViewController.swift in Sources */ = {isa = PBXBuildFile; fileRef = 4D360E921BD8A91E00576A69 /* AddStepDetails1ViewController.swift */; settings = {ASSET_TAGS = (); }; };
		4D360E951BD8A92A00576A69 /* AddStepDetails2ViewController.swift in Sources */ = {isa = PBXBuildFile; fileRef = 4D360E941BD8A92A00576A69 /* AddStepDetails2ViewController.swift */; settings = {ASSET_TAGS = (); }; };
		4D360E971BD8A9E800576A69 /* AddStepsKeyboardViewController.swift in Sources */ = {isa = PBXBuildFile; fileRef = 4D360E961BD8A9E800576A69 /* AddStepsKeyboardViewController.swift */; settings = {ASSET_TAGS = (); }; };
		4D9CA0A71BDC242A008B0A6F /* GlobalColors.swift in Sources */ = {isa = PBXBuildFile; fileRef = 4D9CA0A61BDC242A008B0A6F /* GlobalColors.swift */; };
		4D9CA0AE1BDC362C008B0A6F /* GradientSlider.swift in Sources */ = {isa = PBXBuildFile; fileRef = 4D9CA0AD1BDC362C008B0A6F /* GradientSlider.swift */; };
		6E21E00B1BE5AF7C00AC1F5C /* Hamburger2ViewController.swift in Sources */ = {isa = PBXBuildFile; fileRef = 6E21E00A1BE5AF7C00AC1F5C /* Hamburger2ViewController.swift */; settings = {ASSET_TAGS = (); }; };
		6E21E00D1BE5AFC200AC1F5C /* Home2ViewController.swift in Sources */ = {isa = PBXBuildFile; fileRef = 6E21E00C1BE5AFC200AC1F5C /* Home2ViewController.swift */; settings = {ASSET_TAGS = (); }; };
		6E21E00F1BE5AFF300AC1F5C /* Menu2ViewController.swift in Sources */ = {isa = PBXBuildFile; fileRef = 6E21E00E1BE5AFF300AC1F5C /* Menu2ViewController.swift */; settings = {ASSET_TAGS = (); }; };
		6E21E0051BE589AC00AC1F5C /* NextStepViewViewController.swift in Sources */ = {isa = PBXBuildFile; fileRef = 6E21E0041BE589AC00AC1F5C /* NextStepViewViewController.swift */; settings = {ASSET_TAGS = (); }; };
		6E6719231BDC286D002A0CE0 /* MenuViewController.swift in Sources */ = {isa = PBXBuildFile; fileRef = 6E6719221BDC286D002A0CE0 /* MenuViewController.swift */; settings = {ASSET_TAGS = (); }; };
		6E6719251BDC28AB002A0CE0 /* HomeViewController.swift in Sources */ = {isa = PBXBuildFile; fileRef = 6E6719241BDC28AB002A0CE0 /* HomeViewController.swift */; settings = {ASSET_TAGS = (); }; };
		6E6719271BDC295F002A0CE0 /* HamburgerViewController.swift in Sources */ = {isa = PBXBuildFile; fileRef = 6E6719261BDC295F002A0CE0 /* HamburgerViewController.swift */; settings = {ASSET_TAGS = (); }; };
		6E6719291BDE8B5E002A0CE0 /* EditProfileViewController.swift in Sources */ = {isa = PBXBuildFile; fileRef = 6E6719281BDE8B5E002A0CE0 /* EditProfileViewController.swift */; settings = {ASSET_TAGS = (); }; };
		6EB3DFD01BE1D59700C4756F /* LoginViewController.swift in Sources */ = {isa = PBXBuildFile; fileRef = 6EB3DFCF1BE1D59700C4756F /* LoginViewController.swift */; settings = {ASSET_TAGS = (); }; };
		6EFB55161BE1EFA300870B0F /* SignUp2ViewController.swift in Sources */ = {isa = PBXBuildFile; fileRef = 6EFB55151BE1EFA300870B0F /* SignUp2ViewController.swift */; settings = {ASSET_TAGS = (); }; };
		AF7A3D894C0EACA0689061C5 /* Pods_elme.framework in Frameworks */ = {isa = PBXBuildFile; fileRef = BAB4DC5DE6D6A6B29495227C /* Pods_elme.framework */; };
/* End PBXBuildFile section */

/* Begin PBXContainerItemProxy section */
		4D360E681BD88B9500576A69 /* PBXContainerItemProxy */ = {
			isa = PBXContainerItemProxy;
			containerPortal = 4D360E4B1BD88B9500576A69 /* Project object */;
			proxyType = 1;
			remoteGlobalIDString = 4D360E521BD88B9500576A69;
			remoteInfo = Codepath_CBT;
		};
		4D360E731BD88B9500576A69 /* PBXContainerItemProxy */ = {
			isa = PBXContainerItemProxy;
			containerPortal = 4D360E4B1BD88B9500576A69 /* Project object */;
			proxyType = 1;
			remoteGlobalIDString = 4D360E521BD88B9500576A69;
			remoteInfo = Codepath_CBT;
		};
/* End PBXContainerItemProxy section */

/* Begin PBXFileReference section */
		108B90CD52CC0663173E3248 /* Pods-elme.debug.xcconfig */ = {isa = PBXFileReference; includeInIndex = 1; lastKnownFileType = text.xcconfig; name = "Pods-elme.debug.xcconfig"; path = "Pods/Target Support Files/Pods-elme/Pods-elme.debug.xcconfig"; sourceTree = "<group>"; };
		320FA67B1BE322E900D2EB4C /* GlobalViewFunctions.swift */ = {isa = PBXFileReference; fileEncoding = 4; lastKnownFileType = sourcecode.swift; path = GlobalViewFunctions.swift; sourceTree = "<group>"; };
		322E8FAD1BE3127500746883 /* AddStepsTransition.swift */ = {isa = PBXFileReference; fileEncoding = 4; lastKnownFileType = sourcecode.swift; path = AddStepsTransition.swift; sourceTree = "<group>"; };
		322E8FAF1BE312E500746883 /* BaseTransition.swift */ = {isa = PBXFileReference; fileEncoding = 4; lastKnownFileType = sourcecode.swift; path = BaseTransition.swift; sourceTree = "<group>"; };
		32674E0E1BE1F55200E53EBC /* NewGoalViewController.swift */ = {isa = PBXFileReference; fileEncoding = 4; lastKnownFileType = sourcecode.swift; path = NewGoalViewController.swift; sourceTree = "<group>"; };
		3247E5E41BE58ECB00933BFE /* StepData.swift */ = {isa = PBXFileReference; fileEncoding = 4; lastKnownFileType = sourcecode.swift; path = StepData.swift; sourceTree = "<group>"; };
		32FECF1A1BE56D5A00FFAB4C /* AddStepDetailsViewController.swift */ = {isa = PBXFileReference; fileEncoding = 4; lastKnownFileType = sourcecode.swift; path = AddStepDetailsViewController.swift; sourceTree = "<group>"; };
		4D1A9B8B1BE1DDC4006ECAE0 /* StepListCell.swift */ = {isa = PBXFileReference; fileEncoding = 4; lastKnownFileType = sourcecode.swift; path = StepListCell.swift; sourceTree = "<group>"; };
		4D1A9B8D1BE1EBEE006ECAE0 /* PastGoalViewCell.swift */ = {isa = PBXFileReference; fileEncoding = 4; lastKnownFileType = sourcecode.swift; path = PastGoalViewCell.swift; sourceTree = "<group>"; };
		4D360E531BD88B9500576A69 /* elme.app */ = {isa = PBXFileReference; explicitFileType = wrapper.application; includeInIndex = 0; path = elme.app; sourceTree = BUILT_PRODUCTS_DIR; };
		4D360E561BD88B9500576A69 /* AppDelegate.swift */ = {isa = PBXFileReference; lastKnownFileType = sourcecode.swift; path = AppDelegate.swift; sourceTree = "<group>"; };
		4D360E581BD88B9500576A69 /* ViewController.swift */ = {isa = PBXFileReference; lastKnownFileType = sourcecode.swift; path = ViewController.swift; sourceTree = "<group>"; };
		4D360E5B1BD88B9500576A69 /* Base */ = {isa = PBXFileReference; lastKnownFileType = file.storyboard; name = Base; path = Base.lproj/Main.storyboard; sourceTree = "<group>"; };
		4D360E5D1BD88B9500576A69 /* Assets.xcassets */ = {isa = PBXFileReference; lastKnownFileType = folder.assetcatalog; path = Assets.xcassets; sourceTree = "<group>"; };
		4D360E601BD88B9500576A69 /* Base */ = {isa = PBXFileReference; lastKnownFileType = file.storyboard; name = Base; path = Base.lproj/LaunchScreen.storyboard; sourceTree = "<group>"; };
		4D360E621BD88B9500576A69 /* Info.plist */ = {isa = PBXFileReference; lastKnownFileType = text.plist.xml; path = Info.plist; sourceTree = "<group>"; };
		4D360E671BD88B9500576A69 /* elme.xctest */ = {isa = PBXFileReference; explicitFileType = wrapper.cfbundle; includeInIndex = 0; path = elme.xctest; sourceTree = BUILT_PRODUCTS_DIR; };
		4D360E6B1BD88B9500576A69 /* Codepath_CBTTests.swift */ = {isa = PBXFileReference; lastKnownFileType = sourcecode.swift; path = Codepath_CBTTests.swift; sourceTree = "<group>"; };
		4D360E6D1BD88B9500576A69 /* Info.plist */ = {isa = PBXFileReference; lastKnownFileType = text.plist.xml; path = Info.plist; sourceTree = "<group>"; };
		4D360E721BD88B9500576A69 /* elme.xctest */ = {isa = PBXFileReference; explicitFileType = wrapper.cfbundle; includeInIndex = 0; path = elme.xctest; sourceTree = BUILT_PRODUCTS_DIR; };
		4D360E761BD88B9500576A69 /* Codepath_CBTUITests.swift */ = {isa = PBXFileReference; lastKnownFileType = sourcecode.swift; path = Codepath_CBTUITests.swift; sourceTree = "<group>"; };
		4D360E781BD88B9500576A69 /* Info.plist */ = {isa = PBXFileReference; lastKnownFileType = text.plist.xml; path = Info.plist; sourceTree = "<group>"; };
		4D360E841BD89AE700576A69 /* Item1ViewController.swift */ = {isa = PBXFileReference; fileEncoding = 4; lastKnownFileType = sourcecode.swift; path = Item1ViewController.swift; sourceTree = "<group>"; };
		4D360E861BD89AFE00576A69 /* Item2ViewController.swift */ = {isa = PBXFileReference; fileEncoding = 4; lastKnownFileType = sourcecode.swift; path = Item2ViewController.swift; sourceTree = "<group>"; };
		4D360E881BD89E0000576A69 /* CompleteQuestionPromptViewController.swift */ = {isa = PBXFileReference; fileEncoding = 4; lastKnownFileType = sourcecode.swift; path = CompleteQuestionPromptViewController.swift; sourceTree = "<group>"; };
		4D360E8A1BD89EDC00576A69 /* StepListViewController.swift */ = {isa = PBXFileReference; fileEncoding = 4; lastKnownFileType = sourcecode.swift; path = StepListViewController.swift; sourceTree = "<group>"; };
		4D360E8C1BD89F6100576A69 /* PastGoalsViewController.swift */ = {isa = PBXFileReference; fileEncoding = 4; lastKnownFileType = sourcecode.swift; path = PastGoalsViewController.swift; sourceTree = "<group>"; };
		4D360E8E1BD8A0AB00576A69 /* SignUpViewController.swift */ = {isa = PBXFileReference; fileEncoding = 4; lastKnownFileType = sourcecode.swift; path = SignUpViewController.swift; sourceTree = "<group>"; };
		4D360E901BD8A26F00576A69 /* MenuLoggedInViewController.swift */ = {isa = PBXFileReference; fileEncoding = 4; lastKnownFileType = sourcecode.swift; path = MenuLoggedInViewController.swift; sourceTree = "<group>"; };
		4D360E921BD8A91E00576A69 /* AddStepDetails1ViewController.swift */ = {isa = PBXFileReference; fileEncoding = 4; lastKnownFileType = sourcecode.swift; path = AddStepDetails1ViewController.swift; sourceTree = "<group>"; };
		4D360E941BD8A92A00576A69 /* AddStepDetails2ViewController.swift */ = {isa = PBXFileReference; fileEncoding = 4; lastKnownFileType = sourcecode.swift; path = AddStepDetails2ViewController.swift; sourceTree = "<group>"; };
		4D360E961BD8A9E800576A69 /* AddStepsKeyboardViewController.swift */ = {isa = PBXFileReference; fileEncoding = 4; lastKnownFileType = sourcecode.swift; path = AddStepsKeyboardViewController.swift; sourceTree = "<group>"; };
		4D9CA0A61BDC242A008B0A6F /* GlobalColors.swift */ = {isa = PBXFileReference; fileEncoding = 4; lastKnownFileType = sourcecode.swift; path = GlobalColors.swift; sourceTree = "<group>"; };
		4D9CA0AD1BDC362C008B0A6F /* GradientSlider.swift */ = {isa = PBXFileReference; fileEncoding = 4; lastKnownFileType = sourcecode.swift; path = GradientSlider.swift; sourceTree = "<group>"; };
		6E21E00A1BE5AF7C00AC1F5C /* Hamburger2ViewController.swift */ = {isa = PBXFileReference; fileEncoding = 4; lastKnownFileType = sourcecode.swift; path = Hamburger2ViewController.swift; sourceTree = "<group>"; };
		6E21E00C1BE5AFC200AC1F5C /* Home2ViewController.swift */ = {isa = PBXFileReference; fileEncoding = 4; lastKnownFileType = sourcecode.swift; path = Home2ViewController.swift; sourceTree = "<group>"; };
		6E21E00E1BE5AFF300AC1F5C /* Menu2ViewController.swift */ = {isa = PBXFileReference; fileEncoding = 4; lastKnownFileType = sourcecode.swift; path = Menu2ViewController.swift; sourceTree = "<group>"; };
		4D9A7E661BE56B39009C8578 /* AddStepsViewController.swift */ = {isa = PBXFileReference; fileEncoding = 4; lastKnownFileType = sourcecode.swift; path = AddStepsViewController.swift; sourceTree = "<group>"; };
		4D9A7E681BE570FC009C8578 /* AddStepCell.swift */ = {isa = PBXFileReference; fileEncoding = 4; lastKnownFileType = sourcecode.swift; path = AddStepCell.swift; sourceTree = "<group>"; };
		4D9CA0A61BDC242A008B0A6F /* GlobalColors.swift */ = {isa = PBXFileReference; fileEncoding = 4; lastKnownFileType = sourcecode.swift; path = GlobalColors.swift; sourceTree = "<group>"; };
		4D9CA0AD1BDC362C008B0A6F /* GradientSlider.swift */ = {isa = PBXFileReference; fileEncoding = 4; lastKnownFileType = sourcecode.swift; path = GradientSlider.swift; sourceTree = "<group>"; };
		4DE522921BE57CE400BDAF6F /* StepField.swift */ = {isa = PBXFileReference; fileEncoding = 4; lastKnownFileType = sourcecode.swift; path = StepField.swift; sourceTree = "<group>"; };
		4D9CA0A61BDC242A008B0A6F /* GlobalColors.swift */ = {isa = PBXFileReference; fileEncoding = 4; lastKnownFileType = sourcecode.swift; path = GlobalColors.swift; sourceTree = "<group>"; };
		4D9CA0AD1BDC362C008B0A6F /* GradientSlider.swift */ = {isa = PBXFileReference; fileEncoding = 4; lastKnownFileType = sourcecode.swift; path = GradientSlider.swift; sourceTree = "<group>"; };
		6E21E0041BE589AC00AC1F5C /* NextStepViewViewController.swift */ = {isa = PBXFileReference; fileEncoding = 4; lastKnownFileType = sourcecode.swift; path = NextStepViewViewController.swift; sourceTree = "<group>"; };
		6E6719221BDC286D002A0CE0 /* MenuViewController.swift */ = {isa = PBXFileReference; fileEncoding = 4; lastKnownFileType = sourcecode.swift; path = MenuViewController.swift; sourceTree = "<group>"; };
		6E6719241BDC28AB002A0CE0 /* HomeViewController.swift */ = {isa = PBXFileReference; fileEncoding = 4; lastKnownFileType = sourcecode.swift; path = HomeViewController.swift; sourceTree = "<group>"; };
		6E6719261BDC295F002A0CE0 /* HamburgerViewController.swift */ = {isa = PBXFileReference; fileEncoding = 4; lastKnownFileType = sourcecode.swift; path = HamburgerViewController.swift; sourceTree = "<group>"; };
		6E6719281BDE8B5E002A0CE0 /* EditProfileViewController.swift */ = {isa = PBXFileReference; fileEncoding = 4; lastKnownFileType = sourcecode.swift; path = EditProfileViewController.swift; sourceTree = "<group>"; };
		6EB3DFCF1BE1D59700C4756F /* LoginViewController.swift */ = {isa = PBXFileReference; fileEncoding = 4; lastKnownFileType = sourcecode.swift; path = LoginViewController.swift; sourceTree = "<group>"; };
		6EFB55151BE1EFA300870B0F /* SignUp2ViewController.swift */ = {isa = PBXFileReference; fileEncoding = 4; lastKnownFileType = sourcecode.swift; path = SignUp2ViewController.swift; sourceTree = "<group>"; };
		979B977131BE5C93AE501A83 /* Pods-elme.release.xcconfig */ = {isa = PBXFileReference; includeInIndex = 1; lastKnownFileType = text.xcconfig; name = "Pods-elme.release.xcconfig"; path = "Pods/Target Support Files/Pods-elme/Pods-elme.release.xcconfig"; sourceTree = "<group>"; };
		BAB4DC5DE6D6A6B29495227C /* Pods_elme.framework */ = {isa = PBXFileReference; explicitFileType = wrapper.framework; includeInIndex = 0; path = Pods_elme.framework; sourceTree = BUILT_PRODUCTS_DIR; };
/* End PBXFileReference section */

/* Begin PBXFrameworksBuildPhase section */
		4D360E501BD88B9500576A69 /* Frameworks */ = {
			isa = PBXFrameworksBuildPhase;
			buildActionMask = 2147483647;
			files = (
				AF7A3D894C0EACA0689061C5 /* Pods_elme.framework in Frameworks */,
			);
			runOnlyForDeploymentPostprocessing = 0;
		};
		4D360E641BD88B9500576A69 /* Frameworks */ = {
			isa = PBXFrameworksBuildPhase;
			buildActionMask = 2147483647;
			files = (
			);
			runOnlyForDeploymentPostprocessing = 0;
		};
		4D360E6F1BD88B9500576A69 /* Frameworks */ = {
			isa = PBXFrameworksBuildPhase;
			buildActionMask = 2147483647;
			files = (
			);
			runOnlyForDeploymentPostprocessing = 0;
		};
/* End PBXFrameworksBuildPhase section */

/* Begin PBXGroup section */
		4D360E4A1BD88B9500576A69 = {
			isa = PBXGroup;
			children = (
				4D360E551BD88B9500576A69 /* elme */,
				4D360E6A1BD88B9500576A69 /* elmeTests */,
				4D360E751BD88B9500576A69 /* elmeUITests */,
				4D360E541BD88B9500576A69 /* Products */,
				BF90448FBE85AF4EBEF50D22 /* Pods */,
				D45792C3F8C4543364E8ADF6 /* Frameworks */,
			);
			sourceTree = "<group>";
		};
		4D360E541BD88B9500576A69 /* Products */ = {
			isa = PBXGroup;
			children = (
				4D360E531BD88B9500576A69 /* elme.app */,
				4D360E671BD88B9500576A69 /* elme.xctest */,
				4D360E721BD88B9500576A69 /* elme.xctest */,
			);
			name = Products;
			sourceTree = "<group>";
		};
		4D360E551BD88B9500576A69 /* elme */ = {
			isa = PBXGroup;
			children = (
				6E21E00A1BE5AF7C00AC1F5C /* Hamburger2ViewController.swift */,
				322E8FAF1BE312E500746883 /* BaseTransition.swift */,
				4DE522921BE57CE400BDAF6F /* StepField.swift */,
				4D360E921BD8A91E00576A69 /* AddStepDetails1ViewController.swift */,
				4D360E941BD8A92A00576A69 /* AddStepDetails2ViewController.swift */,
				4D9A7E681BE570FC009C8578 /* AddStepCell.swift */,
				4D9A7E661BE56B39009C8578 /* AddStepsViewController.swift */,
				4D360E961BD8A9E800576A69 /* AddStepsKeyboardViewController.swift */,
				4D360E901BD8A26F00576A69 /* MenuLoggedInViewController.swift */,
				4D360E8E1BD8A0AB00576A69 /* SignUpViewController.swift */,
				4D360E841BD89AE700576A69 /* Item1ViewController.swift */,
				4D360E861BD89AFE00576A69 /* Item2ViewController.swift */,
				4D360E881BD89E0000576A69 /* CompleteQuestionPromptViewController.swift */,
				4D360E8A1BD89EDC00576A69 /* StepListViewController.swift */,
				4D1A9B8D1BE1EBEE006ECAE0 /* PastGoalViewCell.swift */,
				4D360E8C1BD89F6100576A69 /* PastGoalsViewController.swift */,
				4D360E561BD88B9500576A69 /* AppDelegate.swift */,
				4D360E581BD88B9500576A69 /* ViewController.swift */,
				4D360E5A1BD88B9500576A69 /* Main.storyboard */,
				6E21E00E1BE5AFF300AC1F5C /* Menu2ViewController.swift */,
				6E21E00C1BE5AFC200AC1F5C /* Home2ViewController.swift */,
				322E8FAD1BE3127500746883 /* AddStepsTransition.swift */,
				32674E0E1BE1F55200E53EBC /* NewGoalViewController.swift */,
				6E21E0041BE589AC00AC1F5C /* NextStepViewViewController.swift */,
				32FECF1A1BE56D5A00FFAB4C /* AddStepDetailsViewController.swift */,
				6EFB55151BE1EFA300870B0F /* SignUp2ViewController.swift */,
				4D1A9B8B1BE1DDC4006ECAE0 /* StepListCell.swift */,
				6EB3DFCF1BE1D59700C4756F /* LoginViewController.swift */,
				4D9CA0A61BDC242A008B0A6F /* GlobalColors.swift */,
				6E6719281BDE8B5E002A0CE0 /* EditProfileViewController.swift */,
				6E6719261BDC295F002A0CE0 /* HamburgerViewController.swift */,
				6E6719241BDC28AB002A0CE0 /* HomeViewController.swift */,
				6E6719221BDC286D002A0CE0 /* MenuViewController.swift */,
				4D360E5D1BD88B9500576A69 /* Assets.xcassets */,
				4D360E5F1BD88B9500576A69 /* LaunchScreen.storyboard */,
				4D360E621BD88B9500576A69 /* Info.plist */,
				4D9CA0AD1BDC362C008B0A6F /* GradientSlider.swift */,
				320FA67B1BE322E900D2EB4C /* GlobalViewFunctions.swift */,
				3247E5E41BE58ECB00933BFE /* StepData.swift */,
			);
			path = elme;
			sourceTree = "<group>";
		};
		4D360E6A1BD88B9500576A69 /* elmeTests */ = {
			isa = PBXGroup;
			children = (
				4D360E6B1BD88B9500576A69 /* Codepath_CBTTests.swift */,
				4D360E6D1BD88B9500576A69 /* Info.plist */,
			);
			path = elmeTests;
			sourceTree = "<group>";
		};
		4D360E751BD88B9500576A69 /* elmeUITests */ = {
			isa = PBXGroup;
			children = (
				4D360E761BD88B9500576A69 /* Codepath_CBTUITests.swift */,
				4D360E781BD88B9500576A69 /* Info.plist */,
			);
			path = elmeUITests;
			sourceTree = "<group>";
		};
		BF90448FBE85AF4EBEF50D22 /* Pods */ = {
			isa = PBXGroup;
			children = (
				108B90CD52CC0663173E3248 /* Pods-elme.debug.xcconfig */,
				979B977131BE5C93AE501A83 /* Pods-elme.release.xcconfig */,
			);
			name = Pods;
			sourceTree = "<group>";
		};
		D45792C3F8C4543364E8ADF6 /* Frameworks */ = {
			isa = PBXGroup;
			children = (
				BAB4DC5DE6D6A6B29495227C /* Pods_elme.framework */,
			);
			name = Frameworks;
			sourceTree = "<group>";
		};
/* End PBXGroup section */

/* Begin PBXNativeTarget section */
		4D360E521BD88B9500576A69 /* elme */ = {
			isa = PBXNativeTarget;
			buildConfigurationList = 4D360E7B1BD88B9500576A69 /* Build configuration list for PBXNativeTarget "elme" */;
			buildPhases = (
				5FB54963CC2F94E9BE6DABE6 /* Check Pods Manifest.lock */,
				4D360E4F1BD88B9500576A69 /* Sources */,
				4D360E501BD88B9500576A69 /* Frameworks */,
				4D360E511BD88B9500576A69 /* Resources */,
				AC521F7FECB2F557BC031183 /* Embed Pods Frameworks */,
				284001B29AB8A9E49C87F92B /* Copy Pods Resources */,
			);
			buildRules = (
			);
			dependencies = (
			);
			name = elme;
			productName = Codepath_CBT;
			productReference = 4D360E531BD88B9500576A69 /* elme.app */;
			productType = "com.apple.product-type.application";
		};
		4D360E661BD88B9500576A69 /* elmeTests */ = {
			isa = PBXNativeTarget;
			buildConfigurationList = 4D360E7E1BD88B9500576A69 /* Build configuration list for PBXNativeTarget "elmeTests" */;
			buildPhases = (
				4D360E631BD88B9500576A69 /* Sources */,
				4D360E641BD88B9500576A69 /* Frameworks */,
				4D360E651BD88B9500576A69 /* Resources */,
			);
			buildRules = (
			);
			dependencies = (
				4D360E691BD88B9500576A69 /* PBXTargetDependency */,
			);
			name = elmeTests;
			productName = Codepath_CBTTests;
			productReference = 4D360E671BD88B9500576A69 /* elme.xctest */;
			productType = "com.apple.product-type.bundle.unit-test";
		};
		4D360E711BD88B9500576A69 /* elmeUITests */ = {
			isa = PBXNativeTarget;
			buildConfigurationList = 4D360E811BD88B9500576A69 /* Build configuration list for PBXNativeTarget "elmeUITests" */;
			buildPhases = (
				4D360E6E1BD88B9500576A69 /* Sources */,
				4D360E6F1BD88B9500576A69 /* Frameworks */,
				4D360E701BD88B9500576A69 /* Resources */,
			);
			buildRules = (
			);
			dependencies = (
				4D360E741BD88B9500576A69 /* PBXTargetDependency */,
			);
			name = elmeUITests;
			productName = Codepath_CBTUITests;
			productReference = 4D360E721BD88B9500576A69 /* elme.xctest */;
			productType = "com.apple.product-type.bundle.ui-testing";
		};
/* End PBXNativeTarget section */

/* Begin PBXProject section */
		4D360E4B1BD88B9500576A69 /* Project object */ = {
			isa = PBXProject;
			attributes = {
				LastSwiftMigration = 0710;
				LastUpgradeCheck = 0700;
				ORGANIZATIONNAME = maggled;
				TargetAttributes = {
					4D360E521BD88B9500576A69 = {
						CreatedOnToolsVersion = 7.0.1;
						DevelopmentTeam = S3F4KLL6T8;
					};
					4D360E661BD88B9500576A69 = {
						CreatedOnToolsVersion = 7.0.1;
						DevelopmentTeam = Y6GTEZ73XM;
						TestTargetID = 4D360E521BD88B9500576A69;
					};
					4D360E711BD88B9500576A69 = {
						CreatedOnToolsVersion = 7.0.1;
						DevelopmentTeam = Y6GTEZ73XM;
						TestTargetID = 4D360E521BD88B9500576A69;
					};
				};
			};
			buildConfigurationList = 4D360E4E1BD88B9500576A69 /* Build configuration list for PBXProject "elme" */;
			compatibilityVersion = "Xcode 3.2";
			developmentRegion = English;
			hasScannedForEncodings = 0;
			knownRegions = (
				en,
				Base,
			);
			mainGroup = 4D360E4A1BD88B9500576A69;
			productRefGroup = 4D360E541BD88B9500576A69 /* Products */;
			projectDirPath = "";
			projectRoot = "";
			targets = (
				4D360E521BD88B9500576A69 /* elme */,
				4D360E661BD88B9500576A69 /* elmeTests */,
				4D360E711BD88B9500576A69 /* elmeUITests */,
			);
		};
/* End PBXProject section */

/* Begin PBXResourcesBuildPhase section */
		4D360E511BD88B9500576A69 /* Resources */ = {
			isa = PBXResourcesBuildPhase;
			buildActionMask = 2147483647;
			files = (
				4D360E611BD88B9500576A69 /* LaunchScreen.storyboard in Resources */,
				4D360E5E1BD88B9500576A69 /* Assets.xcassets in Resources */,
				4D360E5C1BD88B9500576A69 /* Main.storyboard in Resources */,
			);
			runOnlyForDeploymentPostprocessing = 0;
		};
		4D360E651BD88B9500576A69 /* Resources */ = {
			isa = PBXResourcesBuildPhase;
			buildActionMask = 2147483647;
			files = (
			);
			runOnlyForDeploymentPostprocessing = 0;
		};
		4D360E701BD88B9500576A69 /* Resources */ = {
			isa = PBXResourcesBuildPhase;
			buildActionMask = 2147483647;
			files = (
			);
			runOnlyForDeploymentPostprocessing = 0;
		};
/* End PBXResourcesBuildPhase section */

/* Begin PBXShellScriptBuildPhase section */
		284001B29AB8A9E49C87F92B /* Copy Pods Resources */ = {
			isa = PBXShellScriptBuildPhase;
			buildActionMask = 2147483647;
			files = (
			);
			inputPaths = (
			);
			name = "Copy Pods Resources";
			outputPaths = (
			);
			runOnlyForDeploymentPostprocessing = 0;
			shellPath = /bin/sh;
			shellScript = "\"${SRCROOT}/Pods/Target Support Files/Pods-elme/Pods-elme-resources.sh\"\n";
			showEnvVarsInLog = 0;
		};
		5FB54963CC2F94E9BE6DABE6 /* Check Pods Manifest.lock */ = {
			isa = PBXShellScriptBuildPhase;
			buildActionMask = 2147483647;
			files = (
			);
			inputPaths = (
			);
			name = "Check Pods Manifest.lock";
			outputPaths = (
			);
			runOnlyForDeploymentPostprocessing = 0;
			shellPath = /bin/sh;
			shellScript = "diff \"${PODS_ROOT}/../Podfile.lock\" \"${PODS_ROOT}/Manifest.lock\" > /dev/null\nif [[ $? != 0 ]] ; then\n    cat << EOM\nerror: The sandbox is not in sync with the Podfile.lock. Run 'pod install' or update your CocoaPods installation.\nEOM\n    exit 1\nfi\n";
			showEnvVarsInLog = 0;
		};
		AC521F7FECB2F557BC031183 /* Embed Pods Frameworks */ = {
			isa = PBXShellScriptBuildPhase;
			buildActionMask = 2147483647;
			files = (
			);
			inputPaths = (
			);
			name = "Embed Pods Frameworks";
			outputPaths = (
			);
			runOnlyForDeploymentPostprocessing = 0;
			shellPath = /bin/sh;
			shellScript = "\"${SRCROOT}/Pods/Target Support Files/Pods-elme/Pods-elme-frameworks.sh\"\n";
			showEnvVarsInLog = 0;
		};
/* End PBXShellScriptBuildPhase section */

/* Begin PBXSourcesBuildPhase section */
		4D360E4F1BD88B9500576A69 /* Sources */ = {
			isa = PBXSourcesBuildPhase;
			buildActionMask = 2147483647;
			files = (
				6E6719291BDE8B5E002A0CE0 /* EditProfileViewController.swift in Sources */,
				6E21E0051BE589AC00AC1F5C /* NextStepViewViewController.swift in Sources */,
				6EFB55161BE1EFA300870B0F /* SignUp2ViewController.swift in Sources */,
				4D360E8B1BD89EDC00576A69 /* StepListViewController.swift in Sources */,
				4D360E871BD89AFE00576A69 /* Item2ViewController.swift in Sources */,
				322E8FAE1BE3127500746883 /* AddStepsTransition.swift in Sources */,
				4D360E8F1BD8A0AB00576A69 /* SignUpViewController.swift in Sources */,
				4D9CA0AE1BDC362C008B0A6F /* GradientSlider.swift in Sources */,
				6E21E00D1BE5AFC200AC1F5C /* Home2ViewController.swift in Sources */,
				6E6719271BDC295F002A0CE0 /* HamburgerViewController.swift in Sources */,
				4D360E591BD88B9500576A69 /* ViewController.swift in Sources */,
				4D360E951BD8A92A00576A69 /* AddStepDetails2ViewController.swift in Sources */,
				4D9A7E691BE570FC009C8578 /* AddStepCell.swift in Sources */,
				6E6719251BDC28AB002A0CE0 /* HomeViewController.swift in Sources */,
				4D360E851BD89AE700576A69 /* Item1ViewController.swift in Sources */,
				4D360E931BD8A91E00576A69 /* AddStepDetails1ViewController.swift in Sources */,
				6E6719231BDC286D002A0CE0 /* MenuViewController.swift in Sources */,
				4D1A9B8C1BE1DDC4006ECAE0 /* StepListCell.swift in Sources */,
				4D360E8D1BD89F6100576A69 /* PastGoalsViewController.swift in Sources */,
				4D9A7E671BE56B39009C8578 /* AddStepsViewController.swift in Sources */,
				32FECF1B1BE56D5A00FFAB4C /* AddStepDetailsViewController.swift in Sources */,
				4D360E891BD89E0000576A69 /* CompleteQuestionPromptViewController.swift in Sources */,
				6E21E00F1BE5AFF300AC1F5C /* Menu2ViewController.swift in Sources */,
				32674E0F1BE1F55200E53EBC /* NewGoalViewController.swift in Sources */,
				320FA67C1BE322E900D2EB4C /* GlobalViewFunctions.swift in Sources */,
				6EB3DFD01BE1D59700C4756F /* LoginViewController.swift in Sources */,
				4D360E911BD8A26F00576A69 /* MenuLoggedInViewController.swift in Sources */,
				3247E5E51BE58ECB00933BFE /* StepData.swift in Sources */,
				4D1A9B8E1BE1EBEE006ECAE0 /* PastGoalViewCell.swift in Sources */,
				4D360E571BD88B9500576A69 /* AppDelegate.swift in Sources */,
				6E21E00B1BE5AF7C00AC1F5C /* Hamburger2ViewController.swift in Sources */,
				322E8FB01BE312E500746883 /* BaseTransition.swift in Sources */,
				4D9CA0A71BDC242A008B0A6F /* GlobalColors.swift in Sources */,
				4D360E971BD8A9E800576A69 /* AddStepsKeyboardViewController.swift in Sources */,
				4DE522931BE57CE400BDAF6F /* StepField.swift in Sources */,
			);
			runOnlyForDeploymentPostprocessing = 0;
		};
		4D360E631BD88B9500576A69 /* Sources */ = {
			isa = PBXSourcesBuildPhase;
			buildActionMask = 2147483647;
			files = (
				4D360E6C1BD88B9500576A69 /* Codepath_CBTTests.swift in Sources */,
			);
			runOnlyForDeploymentPostprocessing = 0;
		};
		4D360E6E1BD88B9500576A69 /* Sources */ = {
			isa = PBXSourcesBuildPhase;
			buildActionMask = 2147483647;
			files = (
				4D360E771BD88B9500576A69 /* Codepath_CBTUITests.swift in Sources */,
			);
			runOnlyForDeploymentPostprocessing = 0;
		};
/* End PBXSourcesBuildPhase section */

/* Begin PBXTargetDependency section */
		4D360E691BD88B9500576A69 /* PBXTargetDependency */ = {
			isa = PBXTargetDependency;
			target = 4D360E521BD88B9500576A69 /* elme */;
			targetProxy = 4D360E681BD88B9500576A69 /* PBXContainerItemProxy */;
		};
		4D360E741BD88B9500576A69 /* PBXTargetDependency */ = {
			isa = PBXTargetDependency;
			target = 4D360E521BD88B9500576A69 /* elme */;
			targetProxy = 4D360E731BD88B9500576A69 /* PBXContainerItemProxy */;
		};
/* End PBXTargetDependency section */

/* Begin PBXVariantGroup section */
		4D360E5A1BD88B9500576A69 /* Main.storyboard */ = {
			isa = PBXVariantGroup;
			children = (
				4D360E5B1BD88B9500576A69 /* Base */,
			);
			name = Main.storyboard;
			sourceTree = "<group>";
		};
		4D360E5F1BD88B9500576A69 /* LaunchScreen.storyboard */ = {
			isa = PBXVariantGroup;
			children = (
				4D360E601BD88B9500576A69 /* Base */,
			);
			name = LaunchScreen.storyboard;
			sourceTree = "<group>";
		};
/* End PBXVariantGroup section */

/* Begin XCBuildConfiguration section */
		4D360E791BD88B9500576A69 /* Debug */ = {
			isa = XCBuildConfiguration;
			buildSettings = {
				ALWAYS_SEARCH_USER_PATHS = NO;
				CLANG_CXX_LANGUAGE_STANDARD = "gnu++0x";
				CLANG_CXX_LIBRARY = "libc++";
				CLANG_ENABLE_MODULES = YES;
				CLANG_ENABLE_OBJC_ARC = YES;
				CLANG_WARN_BOOL_CONVERSION = YES;
				CLANG_WARN_CONSTANT_CONVERSION = YES;
				CLANG_WARN_DIRECT_OBJC_ISA_USAGE = YES_ERROR;
				CLANG_WARN_EMPTY_BODY = YES;
				CLANG_WARN_ENUM_CONVERSION = YES;
				CLANG_WARN_INT_CONVERSION = YES;
				CLANG_WARN_OBJC_ROOT_CLASS = YES_ERROR;
				CLANG_WARN_UNREACHABLE_CODE = YES;
				CLANG_WARN__DUPLICATE_METHOD_MATCH = YES;
				"CODE_SIGN_IDENTITY[sdk=iphoneos*]" = "iPhone Developer";
				COPY_PHASE_STRIP = NO;
				DEBUG_INFORMATION_FORMAT = dwarf;
				ENABLE_STRICT_OBJC_MSGSEND = YES;
				ENABLE_TESTABILITY = YES;
				GCC_C_LANGUAGE_STANDARD = gnu99;
				GCC_DYNAMIC_NO_PIC = NO;
				GCC_NO_COMMON_BLOCKS = YES;
				GCC_OPTIMIZATION_LEVEL = 0;
				GCC_PREPROCESSOR_DEFINITIONS = (
					"DEBUG=1",
					"$(inherited)",
				);
				GCC_WARN_64_TO_32_BIT_CONVERSION = YES;
				GCC_WARN_ABOUT_RETURN_TYPE = YES_ERROR;
				GCC_WARN_UNDECLARED_SELECTOR = YES;
				GCC_WARN_UNINITIALIZED_AUTOS = YES_AGGRESSIVE;
				GCC_WARN_UNUSED_FUNCTION = YES;
				GCC_WARN_UNUSED_VARIABLE = YES;
				IPHONEOS_DEPLOYMENT_TARGET = 9.0;
				MTL_ENABLE_DEBUG_INFO = YES;
				ONLY_ACTIVE_ARCH = YES;
				SDKROOT = iphoneos;
				SWIFT_OPTIMIZATION_LEVEL = "-Onone";
			};
			name = Debug;
		};
		4D360E7A1BD88B9500576A69 /* Release */ = {
			isa = XCBuildConfiguration;
			buildSettings = {
				ALWAYS_SEARCH_USER_PATHS = NO;
				CLANG_CXX_LANGUAGE_STANDARD = "gnu++0x";
				CLANG_CXX_LIBRARY = "libc++";
				CLANG_ENABLE_MODULES = YES;
				CLANG_ENABLE_OBJC_ARC = YES;
				CLANG_WARN_BOOL_CONVERSION = YES;
				CLANG_WARN_CONSTANT_CONVERSION = YES;
				CLANG_WARN_DIRECT_OBJC_ISA_USAGE = YES_ERROR;
				CLANG_WARN_EMPTY_BODY = YES;
				CLANG_WARN_ENUM_CONVERSION = YES;
				CLANG_WARN_INT_CONVERSION = YES;
				CLANG_WARN_OBJC_ROOT_CLASS = YES_ERROR;
				CLANG_WARN_UNREACHABLE_CODE = YES;
				CLANG_WARN__DUPLICATE_METHOD_MATCH = YES;
				"CODE_SIGN_IDENTITY[sdk=iphoneos*]" = "iPhone Developer";
				COPY_PHASE_STRIP = NO;
				DEBUG_INFORMATION_FORMAT = "dwarf-with-dsym";
				ENABLE_NS_ASSERTIONS = NO;
				ENABLE_STRICT_OBJC_MSGSEND = YES;
				GCC_C_LANGUAGE_STANDARD = gnu99;
				GCC_NO_COMMON_BLOCKS = YES;
				GCC_WARN_64_TO_32_BIT_CONVERSION = YES;
				GCC_WARN_ABOUT_RETURN_TYPE = YES_ERROR;
				GCC_WARN_UNDECLARED_SELECTOR = YES;
				GCC_WARN_UNINITIALIZED_AUTOS = YES_AGGRESSIVE;
				GCC_WARN_UNUSED_FUNCTION = YES;
				GCC_WARN_UNUSED_VARIABLE = YES;
				IPHONEOS_DEPLOYMENT_TARGET = 9.0;
				MTL_ENABLE_DEBUG_INFO = NO;
				SDKROOT = iphoneos;
				VALIDATE_PRODUCT = YES;
			};
			name = Release;
		};
		4D360E7C1BD88B9500576A69 /* Debug */ = {
			isa = XCBuildConfiguration;
			baseConfigurationReference = 108B90CD52CC0663173E3248 /* Pods-elme.debug.xcconfig */;
			buildSettings = {
				ASSETCATALOG_COMPILER_APPICON_NAME = AppIcon;
				CODE_SIGN_IDENTITY = "iPhone Developer";
				"CODE_SIGN_IDENTITY[sdk=iphoneos*]" = "iPhone Developer";
				INFOPLIST_FILE = elme/Info.plist;
				LD_RUNPATH_SEARCH_PATHS = "$(inherited) @executable_path/Frameworks";
				PRODUCT_BUNDLE_IDENTIFIER = "maggled.Codepath-CBT";
				PRODUCT_NAME = elme;
				PROVISIONING_PROFILE = "";
			};
			name = Debug;
		};
		4D360E7D1BD88B9500576A69 /* Release */ = {
			isa = XCBuildConfiguration;
			baseConfigurationReference = 979B977131BE5C93AE501A83 /* Pods-elme.release.xcconfig */;
			buildSettings = {
				ASSETCATALOG_COMPILER_APPICON_NAME = AppIcon;
				CODE_SIGN_IDENTITY = "iPhone Developer";
				"CODE_SIGN_IDENTITY[sdk=iphoneos*]" = "iPhone Developer";
				INFOPLIST_FILE = elme/Info.plist;
				LD_RUNPATH_SEARCH_PATHS = "$(inherited) @executable_path/Frameworks";
				PRODUCT_BUNDLE_IDENTIFIER = "maggled.Codepath-CBT";
				PRODUCT_NAME = elme;
				PROVISIONING_PROFILE = "";
			};
			name = Release;
		};
		4D360E7F1BD88B9500576A69 /* Debug */ = {
			isa = XCBuildConfiguration;
			buildSettings = {
				BUNDLE_LOADER = "$(TEST_HOST)";
				INFOPLIST_FILE = Codepath_CBTTests/Info.plist;
				LD_RUNPATH_SEARCH_PATHS = "$(inherited) @executable_path/Frameworks @loader_path/Frameworks";
				PRODUCT_BUNDLE_IDENTIFIER = "maggled.Codepath-CBTTests";
				PRODUCT_NAME = elme;
				TEST_HOST = "$(BUILT_PRODUCTS_DIR)/elme.app/elme";
			};
			name = Debug;
		};
		4D360E801BD88B9500576A69 /* Release */ = {
			isa = XCBuildConfiguration;
			buildSettings = {
				BUNDLE_LOADER = "$(TEST_HOST)";
				INFOPLIST_FILE = Codepath_CBTTests/Info.plist;
				LD_RUNPATH_SEARCH_PATHS = "$(inherited) @executable_path/Frameworks @loader_path/Frameworks";
				PRODUCT_BUNDLE_IDENTIFIER = "maggled.Codepath-CBTTests";
				PRODUCT_NAME = elme;
				TEST_HOST = "$(BUILT_PRODUCTS_DIR)/elme.app/elme";
			};
			name = Release;
		};
		4D360E821BD88B9500576A69 /* Debug */ = {
			isa = XCBuildConfiguration;
			buildSettings = {
				INFOPLIST_FILE = Codepath_CBTUITests/Info.plist;
				LD_RUNPATH_SEARCH_PATHS = "$(inherited) @executable_path/Frameworks @loader_path/Frameworks";
				PRODUCT_BUNDLE_IDENTIFIER = "maggled.Codepath-CBTUITests";
				PRODUCT_NAME = elme;
				TEST_TARGET_NAME = Codepath_CBT;
				USES_XCTRUNNER = YES;
			};
			name = Debug;
		};
		4D360E831BD88B9500576A69 /* Release */ = {
			isa = XCBuildConfiguration;
			buildSettings = {
				INFOPLIST_FILE = Codepath_CBTUITests/Info.plist;
				LD_RUNPATH_SEARCH_PATHS = "$(inherited) @executable_path/Frameworks @loader_path/Frameworks";
				PRODUCT_BUNDLE_IDENTIFIER = "maggled.Codepath-CBTUITests";
				PRODUCT_NAME = elme;
				TEST_TARGET_NAME = Codepath_CBT;
				USES_XCTRUNNER = YES;
			};
			name = Release;
		};
/* End XCBuildConfiguration section */

/* Begin XCConfigurationList section */
		4D360E4E1BD88B9500576A69 /* Build configuration list for PBXProject "elme" */ = {
			isa = XCConfigurationList;
			buildConfigurations = (
				4D360E791BD88B9500576A69 /* Debug */,
				4D360E7A1BD88B9500576A69 /* Release */,
			);
			defaultConfigurationIsVisible = 0;
			defaultConfigurationName = Release;
		};
		4D360E7B1BD88B9500576A69 /* Build configuration list for PBXNativeTarget "elme" */ = {
			isa = XCConfigurationList;
			buildConfigurations = (
				4D360E7C1BD88B9500576A69 /* Debug */,
				4D360E7D1BD88B9500576A69 /* Release */,
			);
			defaultConfigurationIsVisible = 0;
			defaultConfigurationName = Release;
		};
		4D360E7E1BD88B9500576A69 /* Build configuration list for PBXNativeTarget "elmeTests" */ = {
			isa = XCConfigurationList;
			buildConfigurations = (
				4D360E7F1BD88B9500576A69 /* Debug */,
				4D360E801BD88B9500576A69 /* Release */,
			);
			defaultConfigurationIsVisible = 0;
			defaultConfigurationName = Release;
		};
		4D360E811BD88B9500576A69 /* Build configuration list for PBXNativeTarget "elmeUITests" */ = {
			isa = XCConfigurationList;
			buildConfigurations = (
				4D360E821BD88B9500576A69 /* Debug */,
				4D360E831BD88B9500576A69 /* Release */,
			);
			defaultConfigurationIsVisible = 0;
			defaultConfigurationName = Release;
		};
/* End XCConfigurationList section */
	};
	rootObject = 4D360E4B1BD88B9500576A69 /* Project object */;
}
